<Solution>
  <Folder Name="/src/">
    <Project Path="src/Infrastructure/ABox.Infrastructure.csproj" />
    <Project Path="src/Domain/Flow/ABox.Domain.Flow.csproj" />
    <Project Path="src/Domain/Agents/ABox.Domain.Agents.csproj" />
    <Project Path="src/Domain/Git/ABox.Domain.Git.csproj" />
    <Project Path="src/Domain/Projects/ABox.Domain.Projects.csproj" />
    <Project Path="src/Domain/Inbox/ABox.Domain.Inbox.csproj" />
    <Project Path="src/Domain/Decisions/ABox.Domain.Decisions.csproj" />
    <Project Path="src/Features/Flows/Contract/ABox.Flows.Contract.csproj" />
    <Project Path="src/Features/Flows/Shared/ABox.Flows.Shared.csproj" />
    <Project Path="src/Features/Flows/Start/ABox.Flows.Start.csproj" />
    <Project Path="src/Features/Flows/List/ABox.Flows.List.csproj" />
    <Project Path="src/Features/Flows/Get/ABox.Flows.Get.csproj" />
    <Project Path="src/Features/Flows/Cancel/ABox.Flows.Cancel.csproj" />
    <Project Path="src/Features/Flows/Watch/ABox.Flows.Watch.csproj" />
    <Project Path="src/Features/Flows/Catalog/ABox.Flows.Catalog.csproj" />
    <Project Path="src/Features/Flows/Module/ABox.Flows.Module.csproj" />
    <Project Path="src/Features/Git/Contract/ABox.Git.Contract.csproj" />
    <Project Path="src/Features/Git/ABox.Git.csproj" />
    <Project Path="src/Features/Projects/Api/ABox.Projects.Api.csproj" />
    <Project Path="src/Features/Projects/ABox.Projects.csproj" />
    <Project Path="src/Features/Inbox/Api/ABox.Inbox.Api.csproj" />
    <Project Path="src/Features/Inbox/ABox.Inbox.csproj" />
    <Project Path="src/Features/Threads/Api/ABox.Threads.Api.csproj" />
    <Project Path="src/Features/Threads/ABox.Threads.csproj" />
    <Project Path="src/Features/Decisions/Contract/ABox.Decisions.Contract.csproj" />
    <Project Path="src/Features/Decisions/ABox.Decisions.csproj" />
    <Project Path="src/Features/Tasks/Contract/ABox.Tasks.Contract.csproj" />
    <Project Path="src/Features/Tasks/Create/ABox.Tasks.Create.csproj" />
    <Project Path="src/Features/Tasks/Module/ABox.Tasks.Module.csproj" />
    <Project Path="src/Host/ABox.Host.csproj" />
    <Project Path="src/Api/ABox.Api.csproj" />
  </Folder>
  <Folder Name="/tests/">
    <Project Path="tests/Harness/ABox.Tests.Harness.csproj" />
    <Project Path="tests/Harness/Tests/ABox.Tests.Harness.Tests.csproj" />
    <Project Path="tests/Central/ABox.Tests.Central.csproj" />
  </Folder>
</Solution>
